
Microsoft Visual Studio Solution File, Format Version 12.00
# Visual Studio Version 17
VisualStudioVersion = 17.4.33122.133
MinimumVisualStudioVersion = 10.0.40219.1
Project("{8BC9CEB8-8B4A-11D0-8D11-00A0C91BC942}") = "test_12_09_0", "test_12_09_0\test_12_09_0.vcxproj", "{EB54FCB8-1065-457A-A80F-6B4FE6CBA512}"
EndProject
Global
	GlobalSection(SolutionConfigurationPlatforms) = preSolution
		Debug|x64 = Debug|x64
		Debug|x86 = Debug|x86
		Release|x64 = Release|x64
		Release|x86 = Release|x86
	EndGlobalSection
	GlobalSection(ProjectConfigurationPlatforms) = postSolution
		{EB54FCB8-1065-457A-A80F-6B4FE6CBA512}.Debug|x64.ActiveCfg = Debug|x64
		{EB54FCB8-1065-457A-A80F-6B4FE6CBA512}.Debug|x64.Build.0 = Debug|x64
		{EB54FCB8-1065-457A-A80F-6B4FE6CBA512}.Debug|x86.ActiveCfg = Debug|Win32
		{EB54FCB8-1065-457A-A80F-6B4FE6CBA512}.Debug|x86.Build.0 = Debug|Win32
		{EB54FCB8-1065-457A-A80F-6B4FE6CBA512}.Release|x64.ActiveCfg = Release|x64
		{EB54FCB8-1065-457A-A80F-6B4FE6CBA512}.Release|x64.Build.0 = Release|x64
		{EB54FCB8-1065-457A-A80F-6B4FE6CBA512}.Release|x86.ActiveCfg = Release|Win32
		{EB54FCB8-1065-457A-A80F-6B4FE6CBA512}.Release|x86.Build.0 = Release|Win32
	EndGlobalSection
	GlobalSection(SolutionProperties) = preSolution
		HideSolutionNode = FALSE
	EndGlobalSection
	GlobalSection(ExtensibilityGlobals) = postSolution
		SolutionGuid = {4225BE6C-A124-4725-8DF4-7605993D604E}
	EndGlobalSection
EndGlobal
