
Microsoft Visual Studio Solution File, Format Version 12.00
# Visual Studio Version 17
VisualStudioVersion = 17.4.33122.133
MinimumVisualStudioVersion = 10.0.40219.1
Project("{8BC9CEB8-8B4A-11D0-8D11-00A0C91BC942}") = "test_12_28_1", "test_12_28_1\test_12_28_1.vcxproj", "{B29A4565-C9F7-4A04-A60C-BD77BB26AF9C}"
EndProject
Global
	GlobalSection(SolutionConfigurationPlatforms) = preSolution
		Debug|x64 = Debug|x64
		Debug|x86 = Debug|x86
		Release|x64 = Release|x64
		Release|x86 = Release|x86
	EndGlobalSection
	GlobalSection(ProjectConfigurationPlatforms) = postSolution
		{B29A4565-C9F7-4A04-A60C-BD77BB26AF9C}.Debug|x64.ActiveCfg = Debug|x64
		{B29A4565-C9F7-4A04-A60C-BD77BB26AF9C}.Debug|x64.Build.0 = Debug|x64
		{B29A4565-C9F7-4A04-A60C-BD77BB26AF9C}.Debug|x86.ActiveCfg = Debug|Win32
		{B29A4565-C9F7-4A04-A60C-BD77BB26AF9C}.Debug|x86.Build.0 = Debug|Win32
		{B29A4565-C9F7-4A04-A60C-BD77BB26AF9C}.Release|x64.ActiveCfg = Release|x64
		{B29A4565-C9F7-4A04-A60C-BD77BB26AF9C}.Release|x64.Build.0 = Release|x64
		{B29A4565-C9F7-4A04-A60C-BD77BB26AF9C}.Release|x86.ActiveCfg = Release|Win32
		{B29A4565-C9F7-4A04-A60C-BD77BB26AF9C}.Release|x86.Build.0 = Release|Win32
	EndGlobalSection
	GlobalSection(SolutionProperties) = preSolution
		HideSolutionNode = FALSE
	EndGlobalSection
	GlobalSection(ExtensibilityGlobals) = postSolution
		SolutionGuid = {8C99D424-F1CE-4CBB-84CD-53A400623868}
	EndGlobalSection
EndGlobal
