
Microsoft Visual Studio Solution File, Format Version 12.00
# Visual Studio Version 17
VisualStudioVersion = 17.3.32929.385
MinimumVisualStudioVersion = 10.0.40219.1
Project("{8BC9CEB8-8B4A-11D0-8D11-00A0C91BC942}") = "test_11_02", "test_11_02\test_11_02.vcxproj", "{1CA0775D-3FF5-469D-8D63-0BFFDADC2D92}"
EndProject
Global
	GlobalSection(SolutionConfigurationPlatforms) = preSolution
		Debug|x64 = Debug|x64
		Debug|x86 = Debug|x86
		Release|x64 = Release|x64
		Release|x86 = Release|x86
	EndGlobalSection
	GlobalSection(ProjectConfigurationPlatforms) = postSolution
		{1CA0775D-3FF5-469D-8D63-0BFFDADC2D92}.Debug|x64.ActiveCfg = Debug|x64
		{1CA0775D-3FF5-469D-8D63-0BFFDADC2D92}.Debug|x64.Build.0 = Debug|x64
		{1CA0775D-3FF5-469D-8D63-0BFFDADC2D92}.Debug|x86.ActiveCfg = Debug|Win32
		{1CA0775D-3FF5-469D-8D63-0BFFDADC2D92}.Debug|x86.Build.0 = Debug|Win32
		{1CA0775D-3FF5-469D-8D63-0BFFDADC2D92}.Release|x64.ActiveCfg = Release|x64
		{1CA0775D-3FF5-469D-8D63-0BFFDADC2D92}.Release|x64.Build.0 = Release|x64
		{1CA0775D-3FF5-469D-8D63-0BFFDADC2D92}.Release|x86.ActiveCfg = Release|Win32
		{1CA0775D-3FF5-469D-8D63-0BFFDADC2D92}.Release|x86.Build.0 = Release|Win32
	EndGlobalSection
	GlobalSection(SolutionProperties) = preSolution
		HideSolutionNode = FALSE
	EndGlobalSection
	GlobalSection(ExtensibilityGlobals) = postSolution
		SolutionGuid = {0CFAEB08-3AD6-4C7F-903C-542A22D6F8C2}
	EndGlobalSection
EndGlobal
